
Microsoft Visual Studio Solution File, Format Version 12.00
# Visual Studio Version 17
VisualStudioVersion = 17.3.32929.385
MinimumVisualStudioVersion = 10.0.40219.1
Project("{FAE04EC0-301F-11D3-BF4B-00C04F79EFBC}") = "wydatki_domowe", "wydatki_domowe\wydatki_domowe.csproj", "{3E11A1B4-FDF9-497F-8F58-0629EACA5662}"
EndProject
Global
	GlobalSection(SolutionConfigurationPlatforms) = preSolution
		Debug|Any CPU = Debug|Any CPU
		Release|Any CPU = Release|Any CPU
	EndGlobalSection
	GlobalSection(ProjectConfigurationPlatforms) = postSolution
		{3E11A1B4-FDF9-497F-8F58-0629EACA5662}.Debug|Any CPU.ActiveCfg = Debug|Any CPU
		{3E11A1B4-FDF9-497F-8F58-0629EACA5662}.Debug|Any CPU.Build.0 = Debug|Any CPU
		{3E11A1B4-FDF9-497F-8F58-0629EACA5662}.Release|Any CPU.ActiveCfg = Release|Any CPU
		{3E11A1B4-FDF9-497F-8F58-0629EACA5662}.Release|Any CPU.Build.0 = Release|Any CPU
	EndGlobalSection
	GlobalSection(SolutionProperties) = preSolution
		HideSolutionNode = FALSE
	EndGlobalSection
	GlobalSection(ExtensibilityGlobals) = postSolution
		SolutionGuid = {25D86D80-D2A4-423F-95E7-91C42817DEF2}
	EndGlobalSection
EndGlobal
